
Microsoft Visual Studio Solution File, Format Version 12.00
# Visual Studio 2013
VisualStudioVersion = 12.0.40629.0
MinimumVisualStudioVersion = 10.0.40219.1
Project("{FAE04EC0-301F-11D3-BF4B-00C04F79EFBC}") = "SecuredWebAPI", "..\SecuredWebAPI\SecuredWebAPI.csproj", "{AD11EA6B-62EB-4837-9A1E-9F42A8FDCDA6}"
EndProject
Project("{FAE04EC0-301F-11D3-BF4B-00C04F79EFBC}") = "MyCorpIdentityServer", "..\MyCorpIdentityServer\MyCorpIdentityServer.csproj", "{8DE4E6F5-268C-49D6-9FF2-1DBBE84FF783}"
EndProject
Project("{FAE04EC0-301F-11D3-BF4B-00C04F79EFBC}") = "MyCorp.Framework", "..\MyCorp.Framework\MyCorp.Framework.csproj", "{07D10365-5A32-4BC7-858F-D8541AB3FC37}"
EndProject
Project("{FAE04EC0-301F-11D3-BF4B-00C04F79EFBC}") = "MVCClient", "..\MVCClient\MVCClient.csproj", "{598CCB53-8E7A-4A52-A21D-B2D6BEE93156}"
EndProject
Global
	GlobalSection(SolutionConfigurationPlatforms) = preSolution
		Debug|Any CPU = Debug|Any CPU
		Release|Any CPU = Release|Any CPU
	EndGlobalSection
	GlobalSection(ProjectConfigurationPlatforms) = postSolution
		{AD11EA6B-62EB-4837-9A1E-9F42A8FDCDA6}.Debug|Any CPU.ActiveCfg = Debug|Any CPU
		{AD11EA6B-62EB-4837-9A1E-9F42A8FDCDA6}.Debug|Any CPU.Build.0 = Debug|Any CPU
		{AD11EA6B-62EB-4837-9A1E-9F42A8FDCDA6}.Release|Any CPU.ActiveCfg = Release|Any CPU
		{AD11EA6B-62EB-4837-9A1E-9F42A8FDCDA6}.Release|Any CPU.Build.0 = Release|Any CPU
		{8DE4E6F5-268C-49D6-9FF2-1DBBE84FF783}.Debug|Any CPU.ActiveCfg = Debug|Any CPU
		{8DE4E6F5-268C-49D6-9FF2-1DBBE84FF783}.Debug|Any CPU.Build.0 = Debug|Any CPU
		{8DE4E6F5-268C-49D6-9FF2-1DBBE84FF783}.Release|Any CPU.ActiveCfg = Release|Any CPU
		{8DE4E6F5-268C-49D6-9FF2-1DBBE84FF783}.Release|Any CPU.Build.0 = Release|Any CPU
		{07D10365-5A32-4BC7-858F-D8541AB3FC37}.Debug|Any CPU.ActiveCfg = Debug|Any CPU
		{07D10365-5A32-4BC7-858F-D8541AB3FC37}.Debug|Any CPU.Build.0 = Debug|Any CPU
		{07D10365-5A32-4BC7-858F-D8541AB3FC37}.Release|Any CPU.ActiveCfg = Release|Any CPU
		{07D10365-5A32-4BC7-858F-D8541AB3FC37}.Release|Any CPU.Build.0 = Release|Any CPU
		{598CCB53-8E7A-4A52-A21D-B2D6BEE93156}.Debug|Any CPU.ActiveCfg = Debug|Any CPU
		{598CCB53-8E7A-4A52-A21D-B2D6BEE93156}.Debug|Any CPU.Build.0 = Debug|Any CPU
		{598CCB53-8E7A-4A52-A21D-B2D6BEE93156}.Release|Any CPU.ActiveCfg = Release|Any CPU
		{598CCB53-8E7A-4A52-A21D-B2D6BEE93156}.Release|Any CPU.Build.0 = Release|Any CPU
	EndGlobalSection
	GlobalSection(SolutionProperties) = preSolution
		HideSolutionNode = FALSE
	EndGlobalSection
EndGlobal
